
Microsoft Visual Studio Solution File, Format Version 12.00
# Visual Studio Version 17
VisualStudioVersion = 17.3.32929.385
MinimumVisualStudioVersion = 10.0.40219.1
Project("{FAE04EC0-301F-11D3-BF4B-00C04F79EFBC}") = "Modelisation d'examen", "Modelisation d'examen\Modelisation d'examen.csproj", "{49FB94D1-F16E-4EE7-9AB3-F611BE2D97A8}"
EndProject
Project("{2150E333-8FDC-42A3-9474-1A3956D46DE8}") = "Solution Items", "Solution Items", "{CFA7621A-3696-48FF-AE90-B84A85FAA334}"
	ProjectSection(SolutionItems) = preProject
		connexion.cs = connexion.cs
	EndProjectSection
EndProject
Global
	GlobalSection(SolutionConfigurationPlatforms) = preSolution
		Debug|Any CPU = Debug|Any CPU
		Release|Any CPU = Release|Any CPU
	EndGlobalSection
	GlobalSection(ProjectConfigurationPlatforms) = postSolution
		{49FB94D1-F16E-4EE7-9AB3-F611BE2D97A8}.Debug|Any CPU.ActiveCfg = Debug|Any CPU
		{49FB94D1-F16E-4EE7-9AB3-F611BE2D97A8}.Debug|Any CPU.Build.0 = Debug|Any CPU
		{49FB94D1-F16E-4EE7-9AB3-F611BE2D97A8}.Release|Any CPU.ActiveCfg = Release|Any CPU
		{49FB94D1-F16E-4EE7-9AB3-F611BE2D97A8}.Release|Any CPU.Build.0 = Release|Any CPU
	EndGlobalSection
	GlobalSection(SolutionProperties) = preSolution
		HideSolutionNode = FALSE
	EndGlobalSection
	GlobalSection(ExtensibilityGlobals) = postSolution
		SolutionGuid = {52F98FCF-50C8-42B7-9F5D-AA5C0C710EED}
	EndGlobalSection
EndGlobal
